
Microsoft Visual Studio Solution File, Format Version 12.00
# Visual Studio Version 17
VisualStudioVersion = 17.2.32602.215
MinimumVisualStudioVersion = 10.0.40219.1
Project("{FAE04EC0-301F-11D3-BF4B-00C04F79EFBC}") = "MoodAnalyser", "MoodAnalyser\MoodAnalyser.csproj", "{79CC24B0-E68F-4D4A-8B4E-AFBD7FC40FCE}"
EndProject
Project("{FAE04EC0-301F-11D3-BF4B-00C04F79EFBC}") = "TestProject", "TestProject\TestProject.csproj", "{37969977-C087-41D0-A676-C3AEC973CC6F}"
EndProject
Global
	GlobalSection(SolutionConfigurationPlatforms) = preSolution
		Debug|Any CPU = Debug|Any CPU
		Release|Any CPU = Release|Any CPU
	EndGlobalSection
	GlobalSection(ProjectConfigurationPlatforms) = postSolution
		{79CC24B0-E68F-4D4A-8B4E-AFBD7FC40FCE}.Debug|Any CPU.ActiveCfg = Debug|Any CPU
		{79CC24B0-E68F-4D4A-8B4E-AFBD7FC40FCE}.Debug|Any CPU.Build.0 = Debug|Any CPU
		{79CC24B0-E68F-4D4A-8B4E-AFBD7FC40FCE}.Release|Any CPU.ActiveCfg = Release|Any CPU
		{79CC24B0-E68F-4D4A-8B4E-AFBD7FC40FCE}.Release|Any CPU.Build.0 = Release|Any CPU
		{37969977-C087-41D0-A676-C3AEC973CC6F}.Debug|Any CPU.ActiveCfg = Debug|Any CPU
		{37969977-C087-41D0-A676-C3AEC973CC6F}.Debug|Any CPU.Build.0 = Debug|Any CPU
		{37969977-C087-41D0-A676-C3AEC973CC6F}.Release|Any CPU.ActiveCfg = Release|Any CPU
		{37969977-C087-41D0-A676-C3AEC973CC6F}.Release|Any CPU.Build.0 = Release|Any CPU
	EndGlobalSection
	GlobalSection(SolutionProperties) = preSolution
		HideSolutionNode = FALSE
	EndGlobalSection
	GlobalSection(ExtensibilityGlobals) = postSolution
		SolutionGuid = {79B79DC3-07F8-489C-B5E4-CE7924AE6D97}
	EndGlobalSection
EndGlobal
